// !$*UTF8*$!
{
	archiveVersion = 1;
	classes = {
	};
	objectVersion = 46;
	objects = {

/* Begin PBXBuildFile section */
		138AC2B91C0DC254007FE6A4 /* AppDelegate.swift in Sources */ = {isa = PBXBuildFile; fileRef = 138AC2B81C0DC254007FE6A4 /* AppDelegate.swift */; };
		138AC2BB1C0DC254007FE6A4 /* ViewController.swift in Sources */ = {isa = PBXBuildFile; fileRef = 138AC2BA1C0DC254007FE6A4 /* ViewController.swift */; };
		138AC2BE1C0DC254007FE6A4 /* Main.storyboard in Resources */ = {isa = PBXBuildFile; fileRef = 138AC2BC1C0DC254007FE6A4 /* Main.storyboard */; };
		138AC2C01C0DC254007FE6A4 /* Assets.xcassets in Resources */ = {isa = PBXBuildFile; fileRef = 138AC2BF1C0DC254007FE6A4 /* Assets.xcassets */; };
		138AC2C31C0DC254007FE6A4 /* LaunchScreen.storyboard in Resources */ = {isa = PBXBuildFile; fileRef = 138AC2C11C0DC254007FE6A4 /* LaunchScreen.storyboard */; };
		138AC2CE1C0DC254007FE6A4 /* tipsTests.swift in Sources */ = {isa = PBXBuildFile; fileRef = 138AC2CD1C0DC254007FE6A4 /* tipsTests.swift */; };
		138AC2D91C0DC254007FE6A4 /* tipsUITests.swift in Sources */ = {isa = PBXBuildFile; fileRef = 138AC2D81C0DC254007FE6A4 /* tipsUITests.swift */; };
/* End PBXBuildFile section */

/* Begin PBXContainerItemProxy section */
		138AC2CA1C0DC254007FE6A4 /* PBXContainerItemProxy */ = {
			isa = PBXContainerItemProxy;
			containerPortal = 138AC2AD1C0DC254007FE6A4 /* Project object */;
			proxyType = 1;
			remoteGlobalIDString = 138AC2B41C0DC254007FE6A4;
			remoteInfo = tips;
		};
		138AC2D51C0DC254007FE6A4 /* PBXContainerItemProxy */ = {
			isa = PBXContainerItemProxy;
			containerPortal = 138AC2AD1C0DC254007FE6A4 /* Project object */;
			proxyType = 1;
			remoteGlobalIDString = 138AC2B41C0DC254007FE6A4;
			remoteInfo = tips;
		};
/* End PBXContainerItemProxy section */

/* Begin PBXFileReference section */
		138AC2B51C0DC254007FE6A4 /* tips.app */ = {isa = PBXFileReference; explicitFileType = wrapper.application; includeInIndex = 0; path = tips.app; sourceTree = BUILT_PRODUCTS_DIR; };
		138AC2B81C0DC254007FE6A4 /* AppDelegate.swift */ = {isa = PBXFileReference; lastKnownFileType = sourcecode.swift; path = AppDelegate.swift; sourceTree = "<group>"; };
		138AC2BA1C0DC254007FE6A4 /* ViewController.swift */ = {isa = PBXFileReference; lastKnownFileType = sourcecode.swift; path = ViewController.swift; sourceTree = "<group>"; };
		138AC2BD1C0DC254007FE6A4 /* Base */ = {isa = PBXFileReference; lastKnownFileType = file.storyboard; name = Base; path = Base.lproj/Main.storyboard; sourceTree = "<group>"; };
		138AC2BF1C0DC254007FE6A4 /* Assets.xcassets */ = {isa = PBXFileReference; lastKnownFileType = folder.assetcatalog; path = Assets.xcassets; sourceTree = "<group>"; };
		138AC2C21C0DC254007FE6A4 /* Base */ = {isa = PBXFileReference; lastKnownFileType = file.storyboard; name = Base; path = Base.lproj/LaunchScreen.storyboard; sourceTree = "<group>"; };
		138AC2C41C0DC254007FE6A4 /* Info.plist */ = {isa = PBXFileReference; lastKnownFileType = text.plist.xml; path = Info.plist; sourceTree = "<group>"; };
		138AC2C91C0DC254007FE6A4 /* tipsTests.xctest */ = {isa = PBXFileReference; explicitFileType = wrapper.cfbundle; includeInIndex = 0; path = tipsTests.xctest; sourceTree = BUILT_PRODUCTS_DIR; };
		138AC2CD1C0DC254007FE6A4 /* tipsTests.swift */ = {isa = PBXFileReference; lastKnownFileType = sourcecode.swift; path = tipsTests.swift; sourceTree = "<group>"; };
		138AC2CF1C0DC254007FE6A4 /* Info.plist */ = {isa = PBXFileReference; lastKnownFileType = text.plist.xml; path = Info.plist; sourceTree = "<group>"; };
		138AC2D41C0DC254007FE6A4 /* tipsUITests.xctest */ = {isa = PBXFileReference; explicitFileType = wrapper.cfbundle; includeInIndex = 0; path = tipsUITests.xctest; sourceTree = BUILT_PRODUCTS_DIR; };
		138AC2D81C0DC254007FE6A4 /* tipsUITests.swift */ = {isa = PBXFileReference; lastKnownFileType = sourcecode.swift; path = tipsUITests.swift; sourceTree = "<group>"; };
		138AC2DA1C0DC254007FE6A4 /* Info.plist */ = {isa = PBXFileReference; lastKnownFileType = text.plist.xml; path = Info.plist; sourceTree = "<group>"; };
/* End PBXFileReference section */

/* Begin PBXFrameworksBuildPhase section */
		138AC2B21C0DC254007FE6A4 /* Frameworks */ = {
			isa = PBXFrameworksBuildPhase;
			buildActionMask = 2147483647;
			files = (
			);
			runOnlyForDeploymentPostprocessing = 0;
		};
		138AC2C61C0DC254007FE6A4 /* Frameworks */ = {
			isa = PBXFrameworksBuildPhase;
			buildActionMask = 2147483647;
			files = (
			);
			runOnlyForDeploymentPostprocessing = 0;
		};
		138AC2D11C0DC254007FE6A4 /* Frameworks */ = {
			isa = PBXFrameworksBuildPhase;
			buildActionMask = 2147483647;
			files = (
			);
			runOnlyForDeploymentPostprocessing = 0;
		};
/* End PBXFrameworksBuildPhase section */

/* Begin PBXGroup section */
		138AC2AC1C0DC254007FE6A4 = {
			isa = PBXGroup;
			children = (
				138AC2B71C0DC254007FE6A4 /* tips */,
				138AC2CC1C0DC254007FE6A4 /* tipsTests */,
				138AC2D71C0DC254007FE6A4 /* tipsUITests */,
				138AC2B61C0DC254007FE6A4 /* Products */,
			);
			sourceTree = "<group>";
		};
		138AC2B61C0DC254007FE6A4 /* Products */ = {
			isa = PBXGroup;
			children = (
				138AC2B51C0DC254007FE6A4 /* tips.app */,
				138AC2C91C0DC254007FE6A4 /* tipsTests.xctest */,
				138AC2D41C0DC254007FE6A4 /* tipsUITests.xctest */,
			);
			name = Products;
			sourceTree = "<group>";
		};
		138AC2B71C0DC254007FE6A4 /* tips */ = {
			isa = PBXGroup;
			children = (
				138AC2B81C0DC254007FE6A4 /* AppDelegate.swift */,
				138AC2BA1C0DC254007FE6A4 /* ViewController.swift */,
				138AC2BC1C0DC254007FE6A4 /* Main.storyboard */,
				138AC2BF1C0DC254007FE6A4 /* Assets.xcassets */,
				138AC2C11C0DC254007FE6A4 /* LaunchScreen.storyboard */,
				138AC2C41C0DC254007FE6A4 /* Info.plist */,
			);
			path = tips;
			sourceTree = "<group>";
		};
		138AC2CC1C0DC254007FE6A4 /* tipsTests */ = {
			isa = PBXGroup;
			children = (
				138AC2CD1C0DC254007FE6A4 /* tipsTests.swift */,
				138AC2CF1C0DC254007FE6A4 /* Info.plist */,
			);
			path = tipsTests;
			sourceTree = "<group>";
		};
		138AC2D71C0DC254007FE6A4 /* tipsUITests */ = {
			isa = PBXGroup;
			children = (
				138AC2D81C0DC254007FE6A4 /* tipsUITests.swift */,
				138AC2DA1C0DC254007FE6A4 /* Info.plist */,
			);
			path = tipsUITests;
			sourceTree = "<group>";
		};
/* End PBXGroup section */

/* Begin PBXNativeTarget section */
		138AC2B41C0DC254007FE6A4 /* tips */ = {
			isa = PBXNativeTarget;
			buildConfigurationList = 138AC2DD1C0DC254007FE6A4 /* Build configuration list for PBXNativeTarget "tips" */;
			buildPhases = (
				138AC2B11C0DC254007FE6A4 /* Sources */,
				138AC2B21C0DC254007FE6A4 /* Frameworks */,
				138AC2B31C0DC254007FE6A4 /* Resources */,
			);
			buildRules = (
			);
			dependencies = (
			);
			name = tips;
			productName = tips;
			productReference = 138AC2B51C0DC254007FE6A4 /* tips.app */;
			productType = "com.apple.product-type.application";
		};
		138AC2C81C0DC254007FE6A4 /* tipsTests */ = {
			isa = PBXNativeTarget;
			buildConfigurationList = 138AC2E01C0DC254007FE6A4 /* Build configuration list for PBXNativeTarget "tipsTests" */;
			buildPhases = (
				138AC2C51C0DC254007FE6A4 /* Sources */,
				138AC2C61C0DC254007FE6A4 /* Frameworks */,
				138AC2C71C0DC254007FE6A4 /* Resources */,
			);
			buildRules = (
			);
			dependencies = (
				138AC2CB1C0DC254007FE6A4 /* PBXTargetDependency */,
			);
			name = tipsTests;
			productName = tipsTests;
			productReference = 138AC2C91C0DC254007FE6A4 /* tipsTests.xctest */;
			productType = "com.apple.product-type.bundle.unit-test";
		};
		138AC2D31C0DC254007FE6A4 /* tipsUITests */ = {
			isa = PBXNativeTarget;
			buildConfigurationList = 138AC2E31C0DC254007FE6A4 /* Build configuration list for PBXNativeTarget "tipsUITests" */;
			buildPhases = (
				138AC2D01C0DC254007FE6A4 /* Sources */,
				138AC2D11C0DC254007FE6A4 /* Frameworks */,
				138AC2D21C0DC254007FE6A4 /* Resources */,
			);
			buildRules = (
			);
			dependencies = (
				138AC2D61C0DC254007FE6A4 /* PBXTargetDependency */,
			);
			name = tipsUITests;
			productName = tipsUITests;
			productReference = 138AC2D41C0DC254007FE6A4 /* tipsUITests.xctest */;
			productType = "com.apple.product-type.bundle.ui-testing";
		};
/* End PBXNativeTarget section */

/* Begin PBXProject section */
		138AC2AD1C0DC254007FE6A4 /* Project object */ = {
			isa = PBXProject;
			attributes = {
				LastSwiftUpdateCheck = 0710;
				LastUpgradeCheck = 0710;
				ORGANIZATIONNAME = T;
				TargetAttributes = {
					138AC2B41C0DC254007FE6A4 = {
						CreatedOnToolsVersion = 7.1.1;
					};
					138AC2C81C0DC254007FE6A4 = {
						CreatedOnToolsVersion = 7.1.1;
						TestTargetID = 138AC2B41C0DC254007FE6A4;
					};
					138AC2D31C0DC254007FE6A4 = {
						CreatedOnToolsVersion = 7.1.1;
						TestTargetID = 138AC2B41C0DC254007FE6A4;
					};
				};
			};
			buildConfigurationList = 138AC2B01C0DC254007FE6A4 /* Build configuration list for PBXProject "tips" */;
			compatibilityVersion = "Xcode 3.2";
			developmentRegion = English;
			hasScannedForEncodings = 0;
			knownRegions = (
				en,
				Base,
			);
			mainGroup = 138AC2AC1C0DC254007FE6A4;
			productRefGroup = 138AC2B61C0DC254007FE6A4 /* Products */;
			projectDirPath = "";
			projectRoot = "";
			targets = (
				138AC2B41C0DC254007FE6A4 /* tips */,
				138AC2C81C0DC254007FE6A4 /* tipsTests */,
				138AC2D31C0DC254007FE6A4 /* tipsUITests */,
			);
		};
/* End PBXProject section */

/* Begin PBXResourcesBuildPhase section */
		138AC2B31C0DC254007FE6A4 /* Resources */ = {
			isa = PBXResourcesBuildPhase;
			buildActionMask = 2147483647;
			files = (
				138AC2C31C0DC254007FE6A4 /* LaunchScreen.storyboard in Resources */,
				138AC2C01C0DC254007FE6A4 /* Assets.xcassets in Resources */,
				138AC2BE1C0DC254007FE6A4 /* Main.storyboard in Resources */,
			);
			runOnlyForDeploymentPostprocessing = 0;
		};
		138AC2C71C0DC254007FE6A4 /* Resources */ = {
			isa = PBXResourcesBuildPhase;
			buildActionMask = 2147483647;
			files = (
			);
			runOnlyForDeploymentPostprocessing = 0;
		};
		138AC2D21C0DC254007FE6A4 /* Resources */ = {
			isa = PBXResourcesBuildPhase;
			buildActionMask = 2147483647;
			files = (
			);
			runOnlyForDeploymentPostprocessing = 0;
		};
/* End PBXResourcesBuildPhase section */

/* Begin PBXSourcesBuildPhase section */
		138AC2B11C0DC254007FE6A4 /* Sources */ = {
			isa = PBXSourcesBuildPhase;
			buildActionMask = 2147483647;
			files = (
				138AC2BB1C0DC254007FE6A4 /* ViewController.swift in Sources */,
				138AC2B91C0DC254007FE6A4 /* AppDelegate.swift in Sources */,
			);
			runOnlyForDeploymentPostprocessing = 0;
		};
		138AC2C51C0DC254007FE6A4 /* Sources */ = {
			isa = PBXSourcesBuildPhase;
			buildActionMask = 2147483647;
			files = (
				138AC2CE1C0DC254007FE6A4 /* tipsTests.swift in Sources */,
			);
			runOnlyForDeploymentPostprocessing = 0;
		};
		138AC2D01C0DC254007FE6A4 /* Sources */ = {
			isa = PBXSourcesBuildPhase;
			buildActionMask = 2147483647;
			files = (
				138AC2D91C0DC254007FE6A4 /* tipsUITests.swift in Sources */,
			);
			runOnlyForDeploymentPostprocessing = 0;
		};
/* End PBXSourcesBuildPhase section */

/* Begin PBXTargetDependency section */
		138AC2CB1C0DC254007FE6A4 /* PBXTargetDependency */ = {
			isa = PBXTargetDependency;
			target = 138AC2B41C0DC254007FE6A4 /* tips */;
			targetProxy = 138AC2CA1C0DC254007FE6A4 /* PBXContainerItemProxy */;
		};
		138AC2D61C0DC254007FE6A4 /* PBXTargetDependency */ = {
			isa = PBXTargetDependency;
			target = 138AC2B41C0DC254007FE6A4 /* tips */;
			targetProxy = 138AC2D51C0DC254007FE6A4 /* PBXContainerItemProxy */;
		};
/* End PBXTargetDependency section */

/* Begin PBXVariantGroup section */
		138AC2BC1C0DC254007FE6A4 /* Main.storyboard */ = {
			isa = PBXVariantGroup;
			children = (
				138AC2BD1C0DC254007FE6A4 /* Base */,
			);
			name = Main.storyboard;
			sourceTree = "<group>";
		};
		138AC2C11C0DC254007FE6A4 /* LaunchScreen.storyboard */ = {
			isa = PBXVariantGroup;
			children = (
				138AC2C21C0DC254007FE6A4 /* Base */,
			);
			name = LaunchScreen.storyboard;
			sourceTree = "<group>";
		};
/* End PBXVariantGroup section */

/* Begin XCBuildConfiguration section */
		138AC2DB1C0DC254007FE6A4 /* Debug */ = {
			isa = XCBuildConfiguration;
			buildSettings = {
				ALWAYS_SEARCH_USER_PATHS = NO;
				CLANG_CXX_LANGUAGE_STANDARD = "gnu++0x";
				CLANG_CXX_LIBRARY = "libc++";
				CLANG_ENABLE_MODULES = YES;
				CLANG_ENABLE_OBJC_ARC = YES;
				CLANG_WARN_BOOL_CONVERSION = YES;
				CLANG_WARN_CONSTANT_CONVERSION = YES;
				CLANG_WARN_DIRECT_OBJC_ISA_USAGE = YES_ERROR;
				CLANG_WARN_EMPTY_BODY = YES;
				CLANG_WARN_ENUM_CONVERSION = YES;
				CLANG_WARN_INT_CONVERSION = YES;
				CLANG_WARN_OBJC_ROOT_CLASS = YES_ERROR;
				CLANG_WARN_UNREACHABLE_CODE = YES;
				CLANG_WARN__DUPLICATE_METHOD_MATCH = YES;
				"CODE_SIGN_IDENTITY[sdk=iphoneos*]" = "iPhone Developer";
				COPY_PHASE_STRIP = NO;
				DEBUG_INFORMATION_FORMAT = dwarf;
				ENABLE_STRICT_OBJC_MSGSEND = YES;
				ENABLE_TESTABILITY = YES;
				GCC_C_LANGUAGE_STANDARD = gnu99;
				GCC_DYNAMIC_NO_PIC = NO;
				GCC_NO_COMMON_BLOCKS = YES;
				GCC_OPTIMIZATION_LEVEL = 0;
				GCC_PREPROCESSOR_DEFINITIONS = (
					"DEBUG=1",
					"$(inherited)",
				);
				GCC_WARN_64_TO_32_BIT_CONVERSION = YES;
				GCC_WARN_ABOUT_RETURN_TYPE = YES_ERROR;
				GCC_WARN_UNDECLARED_SELECTOR = YES;
				GCC_WARN_UNINITIALIZED_AUTOS = YES_AGGRESSIVE;
				GCC_WARN_UNUSED_FUNCTION = YES;
				GCC_WARN_UNUSED_VARIABLE = YES;
				IPHONEOS_DEPLOYMENT_TARGET = 9.1;
				MTL_ENABLE_DEBUG_INFO = YES;
				ONLY_ACTIVE_ARCH = YES;
				SDKROOT = iphoneos;
				SWIFT_OPTIMIZATION_LEVEL = "-Onone";
			};
			name = Debug;
		};
		138AC2DC1C0DC254007FE6A4 /* Release */ = {
			isa = XCBuildConfiguration;
			buildSettings = {
				ALWAYS_SEARCH_USER_PATHS = NO;
				CLANG_CXX_LANGUAGE_STANDARD = "gnu++0x";
				CLANG_CXX_LIBRARY = "libc++";
				CLANG_ENABLE_MODULES = YES;
				CLANG_ENABLE_OBJC_ARC = YES;
				CLANG_WARN_BOOL_CONVERSION = YES;
				CLANG_WARN_CONSTANT_CONVERSION = YES;
				CLANG_WARN_DIRECT_OBJC_ISA_USAGE = YES_ERROR;
				CLANG_WARN_EMPTY_BODY = YES;
				CLANG_WARN_ENUM_CONVERSION = YES;
				CLANG_WARN_INT_CONVERSION = YES;
				CLANG_WARN_OBJC_ROOT_CLASS = YES_ERROR;
				CLANG_WARN_UNREACHABLE_CODE = YES;
				CLANG_WARN__DUPLICATE_METHOD_MATCH = YES;
				"CODE_SIGN_IDENTITY[sdk=iphoneos*]" = "iPhone Developer";
				COPY_PHASE_STRIP = NO;
				DEBUG_INFORMATION_FORMAT = "dwarf-with-dsym";
				ENABLE_NS_ASSERTIONS = NO;
				ENABLE_STRICT_OBJC_MSGSEND = YES;
				GCC_C_LANGUAGE_STANDARD = gnu99;
				GCC_NO_COMMON_BLOCKS = YES;
				GCC_WARN_64_TO_32_BIT_CONVERSION = YES;
				GCC_WARN_ABOUT_RETURN_TYPE = YES_ERROR;
				GCC_WARN_UNDECLARED_SELECTOR = YES;
				GCC_WARN_UNINITIALIZED_AUTOS = YES_AGGRESSIVE;
				GCC_WARN_UNUSED_FUNCTION = YES;
				GCC_WARN_UNUSED_VARIABLE = YES;
				IPHONEOS_DEPLOYMENT_TARGET = 9.1;
				MTL_ENABLE_DEBUG_INFO = NO;
				SDKROOT = iphoneos;
				VALIDATE_PRODUCT = YES;
			};
			name = Release;
		};
		138AC2DE1C0DC254007FE6A4 /* Debug */ = {
			isa = XCBuildConfiguration;
			buildSettings = {
				ASSETCATALOG_COMPILER_APPICON_NAME = AppIcon;
				INFOPLIST_FILE = tips/Info.plist;
				IPHONEOS_DEPLOYMENT_TARGET = 9.0;
				LD_RUNPATH_SEARCH_PATHS = "$(inherited) @executable_path/Frameworks";
				PRODUCT_BUNDLE_IDENTIFIER = com.tap.tips;
				PRODUCT_NAME = "$(TARGET_NAME)";
			};
			name = Debug;
		};
		138AC2DF1C0DC254007FE6A4 /* Release */ = {
			isa = XCBuildConfiguration;
			buildSettings = {
				ASSETCATALOG_COMPILER_APPICON_NAME = AppIcon;
				INFOPLIST_FILE = tips/Info.plist;
				IPHONEOS_DEPLOYMENT_TARGET = 9.0;
				LD_RUNPATH_SEARCH_PATHS = "$(inherited) @executable_path/Frameworks";
				PRODUCT_BUNDLE_IDENTIFIER = com.tap.tips;
				PRODUCT_NAME = "$(TARGET_NAME)";
			};
			name = Release;
		};
		138AC2E11C0DC254007FE6A4 /* Debug */ = {
			isa = XCBuildConfiguration;
			buildSettings = {
				BUNDLE_LOADER = "$(TEST_HOST)";
				INFOPLIST_FILE = tipsTests/Info.plist;
				LD_RUNPATH_SEARCH_PATHS = "$(inherited) @executable_path/Frameworks @loader_path/Frameworks";
				PRODUCT_BUNDLE_IDENTIFIER = com.tap.tipsTests;
				PRODUCT_NAME = "$(TARGET_NAME)";
				TEST_HOST = "$(BUILT_PRODUCTS_DIR)/tips.app/tips";
			};
			name = Debug;
		};
		138AC2E21C0DC254007FE6A4 /* Release */ = {
			isa = XCBuildConfiguration;
			buildSettings = {
				BUNDLE_LOADER = "$(TEST_HOST)";
				INFOPLIST_FILE = tipsTests/Info.plist;
				LD_RUNPATH_SEARCH_PATHS = "$(inherited) @executable_path/Frameworks @loader_path/Frameworks";
				PRODUCT_BUNDLE_IDENTIFIER = com.tap.tipsTests;
				PRODUCT_NAME = "$(TARGET_NAME)";
				TEST_HOST = "$(BUILT_PRODUCTS_DIR)/tips.app/tips";
			};
			name = Release;
		};
		138AC2E41C0DC254007FE6A4 /* Debug */ = {
			isa = XCBuildConfiguration;
			buildSettings = {
				INFOPLIST_FILE = tipsUITests/Info.plist;
				LD_RUNPATH_SEARCH_PATHS = "$(inherited) @executable_path/Frameworks @loader_path/Frameworks";
				PRODUCT_BUNDLE_IDENTIFIER = com.tap.tipsUITests;
				PRODUCT_NAME = "$(TARGET_NAME)";
				TEST_TARGET_NAME = tips;
				USES_XCTRUNNER = YES;
			};
			name = Debug;
		};
		138AC2E51C0DC254007FE6A4 /* Release */ = {
			isa = XCBuildConfiguration;
			buildSettings = {
				INFOPLIST_FILE = tipsUITests/Info.plist;
				LD_RUNPATH_SEARCH_PATHS = "$(inherited) @executable_path/Frameworks @loader_path/Frameworks";
				PRODUCT_BUNDLE_IDENTIFIER = com.tap.tipsUITests;
				PRODUCT_NAME = "$(TARGET_NAME)";
				TEST_TARGET_NAME = tips;
				USES_XCTRUNNER = YES;
			};
			name = Release;
		};
/* End XCBuildConfiguration section */

/* Begin XCConfigurationList section */
		138AC2B01C0DC254007FE6A4 /* Build configuration list for PBXProject "tips" */ = {
			isa = XCConfigurationList;
			buildConfigurations = (
				138AC2DB1C0DC254007FE6A4 /* Debug */,
				138AC2DC1C0DC254007FE6A4 /* Release */,
			);
			defaultConfigurationIsVisible = 0;
			defaultConfigurationName = Release;
		};
		138AC2DD1C0DC254007FE6A4 /* Build configuration list for PBXNativeTarget "tips" */ = {
			isa = XCConfigurationList;
			buildConfigurations = (
				138AC2DE1C0DC254007FE6A4 /* Debug */,
				138AC2DF1C0DC254007FE6A4 /* Release */,
			);
			defaultConfigurationIsVisible = 0;
			defaultConfigurationName = Release;
		};
		138AC2E01C0DC254007FE6A4 /* Build configuration list for PBXNativeTarget "tipsTests" */ = {
			isa = XCConfigurationList;
			buildConfigurations = (
				138AC2E11C0DC254007FE6A4 /* Debug */,
				138AC2E21C0DC254007FE6A4 /* Release */,
			);
			defaultConfigurationIsVisible = 0;
			defaultConfigurationName = Release;
		};
		138AC2E31C0DC254007FE6A4 /* Build configuration list for PBXNativeTarget "tipsUITests" */ = {
			isa = XCConfigurationList;
			buildConfigurations = (
				138AC2E41C0DC254007FE6A4 /* Debug */,
				138AC2E51C0DC254007FE6A4 /* Release */,
			);
			defaultConfigurationIsVisible = 0;
			defaultConfigurationName = Release;
		};
/* End XCConfigurationList section */
	};
	rootObject = 138AC2AD1C0DC254007FE6A4 /* Project object */;
}
